
Microsoft Visual Studio Solution File, Format Version 12.00
# Visual Studio Version 17
VisualStudioVersion = 17.0.31314.256
MinimumVisualStudioVersion = 10.0.40219.1
Project("{2150E333-8FDC-42A3-9474-1A3956D46DE8}") = "Engine", "Engine", "{233774A8-CC9D-3FA9-86D1-90573E92B704}"
EndProject
Project("{2150E333-8FDC-42A3-9474-1A3956D46DE8}") = "Games", "Games", "{DE1F8B53-6C02-3C13-9101-A7C8D96F3FF6}"
EndProject
Project("{8BC9CEB8-8B4A-11D0-8D11-00A0C91BC942}") = "RacingGame", "Intermediate\ProjectFiles\RacingGame.vcxproj", "{863C9F21-9BB5-3C4D-A7FD-681CD3F656F0}"
EndProject
Project("{8BC9CEB8-8B4A-11D0-8D11-00A0C91BC942}") = "UE5", "Intermediate\ProjectFiles\UE5.vcxproj", "{8793DBF3-02A9-3AE8-9818-4BCA6F159911}"
EndProject
Project("{2150E333-8FDC-42A3-9474-1A3956D46DE8}") = "Visualizers", "Visualizers", "{1CCEC849-CC72-4C59-8C36-2F7C38706D4C}"
	ProjectSection(SolutionItems) = preProject
		D:\Games\Epic Games\UE_5.1\Engine\Extras\VisualStudioDebugging\Unreal.natvis = D:\Games\Epic Games\UE_5.1\Engine\Extras\VisualStudioDebugging\Unreal.natvis
	EndProjectSection
EndProject
Global
	GlobalSection(SolutionConfigurationPlatforms) = preSolution
		DebugGame Editor|IOS = DebugGame Editor|IOS
		DebugGame Editor|Win64 = DebugGame Editor|Win64
		DebugGame|IOS = DebugGame|IOS
		DebugGame|Win64 = DebugGame|Win64
		Development Editor|IOS = Development Editor|IOS
		Development Editor|Win64 = Development Editor|Win64
		Development|IOS = Development|IOS
		Development|Win64 = Development|Win64
		Shipping|IOS = Shipping|IOS
		Shipping|Win64 = Shipping|Win64
	EndGlobalSection
	# UnrealVS Section
	GlobalSection(ddbf523f-7eb6-4887-bd51-85a714ff87eb) = preSolution
		AvailablePlatforms=Win64;IOS
	EndGlobalSection
	GlobalSection(ProjectConfigurationPlatforms) = postSolution
		{863C9F21-9BB5-3C4D-A7FD-681CD3F656F0}.DebugGame Editor|IOS.ActiveCfg = Invalid|x64
		{863C9F21-9BB5-3C4D-A7FD-681CD3F656F0}.DebugGame Editor|Win64.ActiveCfg = DebugGame_Editor|x64
		{863C9F21-9BB5-3C4D-A7FD-681CD3F656F0}.DebugGame Editor|Win64.Build.0 = DebugGame_Editor|x64
		{863C9F21-9BB5-3C4D-A7FD-681CD3F656F0}.DebugGame|IOS.ActiveCfg = IOS_DebugGame|Win64
		{863C9F21-9BB5-3C4D-A7FD-681CD3F656F0}.DebugGame|IOS.Build.0 = IOS_DebugGame|Win64
		{863C9F21-9BB5-3C4D-A7FD-681CD3F656F0}.DebugGame|Win64.ActiveCfg = DebugGame|x64
		{863C9F21-9BB5-3C4D-A7FD-681CD3F656F0}.DebugGame|Win64.Build.0 = DebugGame|x64
		{863C9F21-9BB5-3C4D-A7FD-681CD3F656F0}.Development Editor|IOS.ActiveCfg = Invalid|x64
		{863C9F21-9BB5-3C4D-A7FD-681CD3F656F0}.Development Editor|Win64.ActiveCfg = Development_Editor|x64
		{863C9F21-9BB5-3C4D-A7FD-681CD3F656F0}.Development Editor|Win64.Build.0 = Development_Editor|x64
		{863C9F21-9BB5-3C4D-A7FD-681CD3F656F0}.Development|IOS.ActiveCfg = IOS_Development|Win64
		{863C9F21-9BB5-3C4D-A7FD-681CD3F656F0}.Development|IOS.Build.0 = IOS_Development|Win64
		{863C9F21-9BB5-3C4D-A7FD-681CD3F656F0}.Development|Win64.ActiveCfg = Development|x64
		{863C9F21-9BB5-3C4D-A7FD-681CD3F656F0}.Development|Win64.Build.0 = Development|x64
		{863C9F21-9BB5-3C4D-A7FD-681CD3F656F0}.Shipping|IOS.ActiveCfg = IOS_Shipping|Win64
		{863C9F21-9BB5-3C4D-A7FD-681CD3F656F0}.Shipping|IOS.Build.0 = IOS_Shipping|Win64
		{863C9F21-9BB5-3C4D-A7FD-681CD3F656F0}.Shipping|Win64.ActiveCfg = Shipping|x64
		{863C9F21-9BB5-3C4D-A7FD-681CD3F656F0}.Shipping|Win64.Build.0 = Shipping|x64
		{8793DBF3-02A9-3AE8-9818-4BCA6F159911}.DebugGame Editor|IOS.ActiveCfg = BuiltWithUnrealBuildTool|Win64
		{8793DBF3-02A9-3AE8-9818-4BCA6F159911}.DebugGame Editor|Win64.ActiveCfg = BuiltWithUnrealBuildTool|Win64
		{8793DBF3-02A9-3AE8-9818-4BCA6F159911}.DebugGame|IOS.ActiveCfg = BuiltWithUnrealBuildTool|Win64
		{8793DBF3-02A9-3AE8-9818-4BCA6F159911}.DebugGame|Win64.ActiveCfg = BuiltWithUnrealBuildTool|Win64
		{8793DBF3-02A9-3AE8-9818-4BCA6F159911}.Development Editor|IOS.ActiveCfg = BuiltWithUnrealBuildTool|Win64
		{8793DBF3-02A9-3AE8-9818-4BCA6F159911}.Development Editor|Win64.ActiveCfg = BuiltWithUnrealBuildTool|Win64
		{8793DBF3-02A9-3AE8-9818-4BCA6F159911}.Development|IOS.ActiveCfg = BuiltWithUnrealBuildTool|Win64
		{8793DBF3-02A9-3AE8-9818-4BCA6F159911}.Development|Win64.ActiveCfg = BuiltWithUnrealBuildTool|Win64
		{8793DBF3-02A9-3AE8-9818-4BCA6F159911}.Shipping|IOS.ActiveCfg = BuiltWithUnrealBuildTool|Win64
		{8793DBF3-02A9-3AE8-9818-4BCA6F159911}.Shipping|Win64.ActiveCfg = BuiltWithUnrealBuildTool|Win64
	EndGlobalSection
	GlobalSection(SolutionProperties) = preSolution
		HideSolutionNode = FALSE
	EndGlobalSection
	GlobalSection(NestedProjects) = preSolution
		{8793DBF3-02A9-3AE8-9818-4BCA6F159911} = {233774A8-CC9D-3FA9-86D1-90573E92B704}
		{863C9F21-9BB5-3C4D-A7FD-681CD3F656F0} = {DE1F8B53-6C02-3C13-9101-A7C8D96F3FF6}
	EndGlobalSection
EndGlobal
